lockVersion: 2.0.0
id: fba5ac95-eaea-4fe3-a9df-64c892ddd700
management:
  docChecksum: 8f27a31f7c8db7031d59e44e22e0a9d2
  docVersion: 1.0.0
  speakeasyVersion: internal
  generationVersion: 2.225.2
  releaseVersion: 0.3.0
  configChecksum: 466a359d3d6ed02c06a899d596d47f7c
  repoURL: https://github.com/speakeasy-sdks/test-bar-py.git
  repoSubDirectory: .
  installationURL: https://github.com/speakeasy-sdks/test-bar-py.git
features:
  python:
    core: 4.4.0
    errors: 2.81.8
    examples: 2.81.3
    flattening: 2.81.1
    globalSecurity: 2.83.1
    globalServerURLs: 2.82.1
    inputOutputModels: 2.83.0
    methodSecurity: 2.82.0
    serverIDs: 2.81.1
generatedFiles:
  - src/test_bar/sdkconfiguration.py
  - src/test_bar/authentication.py
  - src/test_bar/drinks.py
  - src/test_bar/ingredients.py
  - src/test_bar/orders.py
  - src/test_bar/config.py
  - src/test_bar/sdk.py
  - pylintrc
  - setup.py
  - src/test_bar/__init__.py
  - src/test_bar/utils/__init__.py
  - src/test_bar/utils/retries.py
  - src/test_bar/utils/utils.py
  - src/test_bar/models/errors/sdkerror.py
  - tests/helpers.py
  - src/test_bar/models/operations/authenticate.py
  - src/test_bar/models/operations/getdrink.py
  - src/test_bar/models/operations/listdrinks.py
  - src/test_bar/models/operations/listingredients.py
  - src/test_bar/models/operations/createorder.py
  - src/test_bar/models/operations/subscribetowebhooks.py
  - src/test_bar/models/components/error.py
  - src/test_bar/models/components/drink.py
  - src/test_bar/models/components/drinktype.py
  - src/test_bar/models/components/ingredient.py
  - src/test_bar/models/components/ingredienttype.py
  - src/test_bar/models/components/order.py
  - src/test_bar/models/components/ordertype.py
  - src/test_bar/models/components/order_input.py
  - src/test_bar/models/components/security.py
  - src/test_bar/models/components/ingredient_input.py
  - src/test_bar/models/components/drink_input.py
  - src/test_bar/models/errors/apierror.py
  - src/test_bar/models/callbacks/createorder.py
  - src/test_bar/models/webhooks/stockupdate.py
  - src/test_bar/models/__init__.py
  - src/test_bar/models/errors/__init__.py
  - src/test_bar/models/operations/__init__.py
  - src/test_bar/models/components/__init__.py
  - src/test_bar/models/callbacks/__init__.py
  - src/test_bar/models/webhooks/__init__.py
  - docs/models/operations/authenticaterequestbody.md
  - docs/models/operations/authenticateresponsebody.md
  - docs/models/operations/authenticateresponse.md
  - docs/models/operations/getdrinkrequest.md
  - docs/models/operations/getdrinkresponse.md
  - docs/models/operations/listdrinksrequest.md
  - docs/models/operations/listdrinksresponse.md
  - docs/models/operations/listingredientsrequest.md
  - docs/models/operations/listingredientsresponse.md
  - docs/models/operations/createorderrequest.md
  - docs/models/operations/createorderresponse.md
  - docs/models/operations/webhook.md
  - docs/models/operations/requestbody.md
  - docs/models/operations/subscribetowebhooksresponse.md
  - docs/models/components/error.md
  - docs/models/components/drink.md
  - docs/models/components/drinktype.md
  - docs/models/components/ingredient.md
  - docs/models/components/ingredienttype.md
  - docs/models/components/status.md
  - docs/models/components/order.md
  - docs/models/components/ordertype.md
  - docs/models/components/orderinput.md
  - docs/models/components/security.md
  - docs/models/components/ingredientinput.md
  - docs/models/components/drinkinput.md
  - docs/models/errors/apierror.md
  - docs/models/callbacks/createorderorderupdateresponse.md
  - docs/models/callbacks/createorderorderupdaterequestbody.md
  - docs/models/webhooks/stockupdateresponse.md
  - docs/models/webhooks/stockupdaterequestbody.md
  - docs/sdks/testbar/README.md
  - docs/sdks/authentication/README.md
  - docs/sdks/drinks/README.md
  - docs/sdks/ingredients/README.md
  - docs/sdks/orders/README.md
  - docs/sdks/config/README.md
  - USAGE.md
  - .gitattributes
